
Microsoft Visual Studio Solution File, Format Version 12.00
# Visual Studio 2013
VisualStudioVersion = 12.0.30723.0
MinimumVisualStudioVersion = 10.0.40219.1
Project("{E24C65DC-7377-472B-9ABA-BC803B73C61A}") = "ramp-theme-usability", "http://localhost:55826", "{02C9EDE9-924A-4E36-B5A6-583DACCAEC61}"
	ProjectSection(WebsiteProperties) = preProject
		UseIISExpress = "true"
		TargetFrameworkMoniker = ".NETFramework,Version%3Dv4.0"
		Debug.AspNetCompiler.VirtualPath = "/localhost_55826"
		Debug.AspNetCompiler.PhysicalPath = "..\ramp-theme-usability\"
		Debug.AspNetCompiler.TargetPath = "PrecompiledWeb\localhost_55826\"
		Debug.AspNetCompiler.Updateable = "true"
		Debug.AspNetCompiler.ForceOverwrite = "true"
		Debug.AspNetCompiler.FixedNames = "false"
		Debug.AspNetCompiler.Debug = "True"
		Release.AspNetCompiler.VirtualPath = "/localhost_55826"
		Release.AspNetCompiler.PhysicalPath = "..\ramp-theme-usability\"
		Release.AspNetCompiler.TargetPath = "PrecompiledWeb\localhost_55826\"
		Release.AspNetCompiler.Updateable = "true"
		Release.AspNetCompiler.ForceOverwrite = "true"
		Release.AspNetCompiler.FixedNames = "false"
		Release.AspNetCompiler.Debug = "False"
		SlnRelativePath = "..\ramp-theme-usability\"
	EndProjectSection
EndProject
Global
	GlobalSection(SolutionConfigurationPlatforms) = preSolution
		Debug|Any CPU = Debug|Any CPU
	EndGlobalSection
	GlobalSection(ProjectConfigurationPlatforms) = postSolution
		{02C9EDE9-924A-4E36-B5A6-583DACCAEC61}.Debug|Any CPU.ActiveCfg = Debug|Any CPU
		{02C9EDE9-924A-4E36-B5A6-583DACCAEC61}.Debug|Any CPU.Build.0 = Debug|Any CPU
	EndGlobalSection
	GlobalSection(SolutionProperties) = preSolution
		HideSolutionNode = FALSE
	EndGlobalSection
EndGlobal
